
Microsoft Visual Studio Solution File, Format Version 12.00
# Visual Studio 15
VisualStudioVersion = 15.0.27004.2006
MinimumVisualStudioVersion = 10.0.40219.1
Project("{9A19103F-16F7-4668-BE54-9A1E7A4F7556}") = "KosmosEvents.Web", "KosmosEvents.Web\KosmosEvents.Web.csproj", "{CCCE8914-2230-40EA-AE1E-1434B0EC5CAF}"
EndProject
Project("{9A19103F-16F7-4668-BE54-9A1E7A4F7556}") = "KosmosEvents.Data", "KosmosEvents.Data\KosmosEvents.Data.csproj", "{6430D761-6A52-4AB0-BB6D-63CFFC10EC8F}"
EndProject
Project("{9A19103F-16F7-4668-BE54-9A1E7A4F7556}") = "KosmosEvents.Services", "KosmosEvents.Services\KosmosEvents.Services.csproj", "{7DD85292-C9B3-421C-9E10-0931CC3DD6CE}"
EndProject
Global
	GlobalSection(SolutionConfigurationPlatforms) = preSolution
		Debug|Any CPU = Debug|Any CPU
		Release|Any CPU = Release|Any CPU
	EndGlobalSection
	GlobalSection(ProjectConfigurationPlatforms) = postSolution
		{CCCE8914-2230-40EA-AE1E-1434B0EC5CAF}.Debug|Any CPU.ActiveCfg = Debug|Any CPU
		{CCCE8914-2230-40EA-AE1E-1434B0EC5CAF}.Debug|Any CPU.Build.0 = Debug|Any CPU
		{CCCE8914-2230-40EA-AE1E-1434B0EC5CAF}.Release|Any CPU.ActiveCfg = Release|Any CPU
		{CCCE8914-2230-40EA-AE1E-1434B0EC5CAF}.Release|Any CPU.Build.0 = Release|Any CPU
		{6430D761-6A52-4AB0-BB6D-63CFFC10EC8F}.Debug|Any CPU.ActiveCfg = Debug|Any CPU
		{6430D761-6A52-4AB0-BB6D-63CFFC10EC8F}.Debug|Any CPU.Build.0 = Debug|Any CPU
		{6430D761-6A52-4AB0-BB6D-63CFFC10EC8F}.Release|Any CPU.ActiveCfg = Release|Any CPU
		{6430D761-6A52-4AB0-BB6D-63CFFC10EC8F}.Release|Any CPU.Build.0 = Release|Any CPU
		{7DD85292-C9B3-421C-9E10-0931CC3DD6CE}.Debug|Any CPU.ActiveCfg = Debug|Any CPU
		{7DD85292-C9B3-421C-9E10-0931CC3DD6CE}.Debug|Any CPU.Build.0 = Debug|Any CPU
		{7DD85292-C9B3-421C-9E10-0931CC3DD6CE}.Release|Any CPU.ActiveCfg = Release|Any CPU
		{7DD85292-C9B3-421C-9E10-0931CC3DD6CE}.Release|Any CPU.Build.0 = Release|Any CPU
	EndGlobalSection
	GlobalSection(SolutionProperties) = preSolution
		HideSolutionNode = FALSE
	EndGlobalSection
	GlobalSection(ExtensibilityGlobals) = postSolution
		SolutionGuid = {3E9C4EB0-3062-4037-98F3-E3F397BB57BE}
	EndGlobalSection
EndGlobal
